
Microsoft Visual Studio Solution File, Format Version 12.00
# Visual Studio Version 17
VisualStudioVersion = 17.0.31903.59
MinimumVisualStudioVersion = 10.0.40219.1
Project("{FAE04EC0-301F-11D3-BF4B-00C04F79EFBC}") = "producer", "producer\producer.csproj", "{A0D2F281-0571-4CDE-9E80-690F3E15727E}"
EndProject
Project("{FAE04EC0-301F-11D3-BF4B-00C04F79EFBC}") = "consumer", "consumer\consumer.csproj", "{C173BD8D-2243-4475-800D-39D25D3A8AE9}"
EndProject
Project("{FAE04EC0-301F-11D3-BF4B-00C04F79EFBC}") = "commonFunctionality", "commonFunctionality\commonFunctionality.csproj", "{4AB1AA87-A5ED-4E97-AFAB-9E5738E7A71C}"
EndProject
Global
	GlobalSection(SolutionConfigurationPlatforms) = preSolution
		Debug|Any CPU = Debug|Any CPU
		Release|Any CPU = Release|Any CPU
	EndGlobalSection
	GlobalSection(SolutionProperties) = preSolution
		HideSolutionNode = FALSE
	EndGlobalSection
	GlobalSection(ProjectConfigurationPlatforms) = postSolution
		{A0D2F281-0571-4CDE-9E80-690F3E15727E}.Debug|Any CPU.ActiveCfg = Debug|Any CPU
		{A0D2F281-0571-4CDE-9E80-690F3E15727E}.Debug|Any CPU.Build.0 = Debug|Any CPU
		{A0D2F281-0571-4CDE-9E80-690F3E15727E}.Release|Any CPU.ActiveCfg = Release|Any CPU
		{A0D2F281-0571-4CDE-9E80-690F3E15727E}.Release|Any CPU.Build.0 = Release|Any CPU
		{C173BD8D-2243-4475-800D-39D25D3A8AE9}.Debug|Any CPU.ActiveCfg = Debug|Any CPU
		{C173BD8D-2243-4475-800D-39D25D3A8AE9}.Debug|Any CPU.Build.0 = Debug|Any CPU
		{C173BD8D-2243-4475-800D-39D25D3A8AE9}.Release|Any CPU.ActiveCfg = Release|Any CPU
		{C173BD8D-2243-4475-800D-39D25D3A8AE9}.Release|Any CPU.Build.0 = Release|Any CPU
		{4AB1AA87-A5ED-4E97-AFAB-9E5738E7A71C}.Debug|Any CPU.ActiveCfg = Debug|Any CPU
		{4AB1AA87-A5ED-4E97-AFAB-9E5738E7A71C}.Debug|Any CPU.Build.0 = Debug|Any CPU
		{4AB1AA87-A5ED-4E97-AFAB-9E5738E7A71C}.Release|Any CPU.ActiveCfg = Release|Any CPU
		{4AB1AA87-A5ED-4E97-AFAB-9E5738E7A71C}.Release|Any CPU.Build.0 = Release|Any CPU
	EndGlobalSection
EndGlobal
